// !$*UTF8*$!
{
	archiveVersion = 1;
	classes = {
	};
	objectVersion = 56;
	objects = {

/* Begin PBXBuildFile section */
		D692A8062C39879E009EBE04 /* OpapPropoApp.swift in Sources */ = {isa = PBXBuildFile; fileRef = D692A8052C39879E009EBE04 /* OpapPropoApp.swift */; };
		D692A8082C39879E009EBE04 /* ContentView.swift in Sources */ = {isa = PBXBuildFile; fileRef = D692A8072C39879E009EBE04 /* ContentView.swift */; };
		D692A80A2C3987A0009EBE04 /* Assets.xcassets in Resources */ = {isa = PBXBuildFile; fileRef = D692A8092C3987A0009EBE04 /* Assets.xcassets */; };
		D692A80D2C3987A0009EBE04 /* Preview Assets.xcassets in Resources */ = {isa = PBXBuildFile; fileRef = D692A80C2C3987A0009EBE04 /* Preview Assets.xcassets */; };
		D692A8172C3987A0009EBE04 /* OpapPropoTests.swift in Sources */ = {isa = PBXBuildFile; fileRef = D692A8162C3987A0009EBE04 /* OpapPropoTests.swift */; };
		D692A8212C3987A0009EBE04 /* OpapPropoUITests.swift in Sources */ = {isa = PBXBuildFile; fileRef = D692A8202C3987A0009EBE04 /* OpapPropoUITests.swift */; };
		D692A8232C3987A0009EBE04 /* OpapPropoUITestsLaunchTests.swift in Sources */ = {isa = PBXBuildFile; fileRef = D692A8222C3987A0009EBE04 /* OpapPropoUITestsLaunchTests.swift */; };
		D692A8322C39886D009EBE04 /* RequestBuilder.swift in Sources */ = {isa = PBXBuildFile; fileRef = D692A8312C39886D009EBE04 /* RequestBuilder.swift */; };
		D692A8352C39889D009EBE04 /* Model.swift in Sources */ = {isa = PBXBuildFile; fileRef = D692A8342C39889D009EBE04 /* Model.swift */; };
		D692A8382C398AB0009EBE04 /* APIManager.swift in Sources */ = {isa = PBXBuildFile; fileRef = D692A8372C398AB0009EBE04 /* APIManager.swift */; };
		D692A83B2C398AF1009EBE04 /* Alamofire in Frameworks */ = {isa = PBXBuildFile; productRef = D692A83A2C398AF1009EBE04 /* Alamofire */; };
		D692A83E2C39A301009EBE04 /* ViewModel.swift in Sources */ = {isa = PBXBuildFile; fileRef = D692A83D2C39A301009EBE04 /* ViewModel.swift */; };
		D692A8402C39AA8C009EBE04 /* LaunchScreen.storyboard in Resources */ = {isa = PBXBuildFile; fileRef = D692A83F2C39AA8C009EBE04 /* LaunchScreen.storyboard */; };
/* End PBXBuildFile section */

/* Begin PBXContainerItemProxy section */
		D692A8132C3987A0009EBE04 /* PBXContainerItemProxy */ = {
			isa = PBXContainerItemProxy;
			containerPortal = D692A7FA2C39879E009EBE04 /* Project object */;
			proxyType = 1;
			remoteGlobalIDString = D692A8012C39879E009EBE04;
			remoteInfo = OpapPropo;
		};
		D692A81D2C3987A0009EBE04 /* PBXContainerItemProxy */ = {
			isa = PBXContainerItemProxy;
			containerPortal = D692A7FA2C39879E009EBE04 /* Project object */;
			proxyType = 1;
			remoteGlobalIDString = D692A8012C39879E009EBE04;
			remoteInfo = OpapPropo;
		};
/* End PBXContainerItemProxy section */

/* Begin PBXFileReference section */
		D692A8022C39879E009EBE04 /* OpapPropo.app */ = {isa = PBXFileReference; explicitFileType = wrapper.application; includeInIndex = 0; path = OpapPropo.app; sourceTree = BUILT_PRODUCTS_DIR; };
		D692A8052C39879E009EBE04 /* OpapPropoApp.swift */ = {isa = PBXFileReference; lastKnownFileType = sourcecode.swift; path = OpapPropoApp.swift; sourceTree = "<group>"; };
		D692A8072C39879E009EBE04 /* ContentView.swift */ = {isa = PBXFileReference; lastKnownFileType = sourcecode.swift; path = ContentView.swift; sourceTree = "<group>"; };
		D692A8092C3987A0009EBE04 /* Assets.xcassets */ = {isa = PBXFileReference; lastKnownFileType = folder.assetcatalog; path = Assets.xcassets; sourceTree = "<group>"; };
		D692A80C2C3987A0009EBE04 /* Preview Assets.xcassets */ = {isa = PBXFileReference; lastKnownFileType = folder.assetcatalog; path = "Preview Assets.xcassets"; sourceTree = "<group>"; };
		D692A8122C3987A0009EBE04 /* OpapPropoTests.xctest */ = {isa = PBXFileReference; explicitFileType = wrapper.cfbundle; includeInIndex = 0; path = OpapPropoTests.xctest; sourceTree = BUILT_PRODUCTS_DIR; };
		D692A8162C3987A0009EBE04 /* OpapPropoTests.swift */ = {isa = PBXFileReference; lastKnownFileType = sourcecode.swift; path = OpapPropoTests.swift; sourceTree = "<group>"; };
		D692A81C2C3987A0009EBE04 /* OpapPropoUITests.xctest */ = {isa = PBXFileReference; explicitFileType = wrapper.cfbundle; includeInIndex = 0; path = OpapPropoUITests.xctest; sourceTree = BUILT_PRODUCTS_DIR; };
		D692A8202C3987A0009EBE04 /* OpapPropoUITests.swift */ = {isa = PBXFileReference; lastKnownFileType = sourcecode.swift; path = OpapPropoUITests.swift; sourceTree = "<group>"; };
		D692A8222C3987A0009EBE04 /* OpapPropoUITestsLaunchTests.swift */ = {isa = PBXFileReference; lastKnownFileType = sourcecode.swift; path = OpapPropoUITestsLaunchTests.swift; sourceTree = "<group>"; };
		D692A82F2C3987C6009EBE04 /* Info.plist */ = {isa = PBXFileReference; lastKnownFileType = text.plist; path = Info.plist; sourceTree = "<group>"; };
		D692A8312C39886D009EBE04 /* RequestBuilder.swift */ = {isa = PBXFileReference; lastKnownFileType = sourcecode.swift; path = RequestBuilder.swift; sourceTree = "<group>"; };
		D692A8342C39889D009EBE04 /* Model.swift */ = {isa = PBXFileReference; lastKnownFileType = sourcecode.swift; path = Model.swift; sourceTree = "<group>"; };
		D692A8372C398AB0009EBE04 /* APIManager.swift */ = {isa = PBXFileReference; lastKnownFileType = sourcecode.swift; path = APIManager.swift; sourceTree = "<group>"; };
		D692A83D2C39A301009EBE04 /* ViewModel.swift */ = {isa = PBXFileReference; lastKnownFileType = sourcecode.swift; path = ViewModel.swift; sourceTree = "<group>"; };
		D692A83F2C39AA8C009EBE04 /* LaunchScreen.storyboard */ = {isa = PBXFileReference; lastKnownFileType = file.storyboard; path = LaunchScreen.storyboard; sourceTree = "<group>"; };
/* End PBXFileReference section */

/* Begin PBXFrameworksBuildPhase section */
		D692A7FF2C39879E009EBE04 /* Frameworks */ = {
			isa = PBXFrameworksBuildPhase;
			buildActionMask = 2147483647;
			files = (
				D692A83B2C398AF1009EBE04 /* Alamofire in Frameworks */,
			);
			runOnlyForDeploymentPostprocessing = 0;
		};
		D692A80F2C3987A0009EBE04 /* Frameworks */ = {
			isa = PBXFrameworksBuildPhase;
			buildActionMask = 2147483647;
			files = (
			);
			runOnlyForDeploymentPostprocessing = 0;
		};
		D692A8192C3987A0009EBE04 /* Frameworks */ = {
			isa = PBXFrameworksBuildPhase;
			buildActionMask = 2147483647;
			files = (
			);
			runOnlyForDeploymentPostprocessing = 0;
		};
/* End PBXFrameworksBuildPhase section */

/* Begin PBXGroup section */
		D692A7F92C39879E009EBE04 = {
			isa = PBXGroup;
			children = (
				D692A8042C39879E009EBE04 /* OpapPropo */,
				D692A8152C3987A0009EBE04 /* OpapPropoTests */,
				D692A81F2C3987A0009EBE04 /* OpapPropoUITests */,
				D692A8032C39879E009EBE04 /* Products */,
			);
			sourceTree = "<group>";
		};
		D692A8032C39879E009EBE04 /* Products */ = {
			isa = PBXGroup;
			children = (
				D692A8022C39879E009EBE04 /* OpapPropo.app */,
				D692A8122C3987A0009EBE04 /* OpapPropoTests.xctest */,
				D692A81C2C3987A0009EBE04 /* OpapPropoUITests.xctest */,
			);
			name = Products;
			sourceTree = "<group>";
		};
		D692A8042C39879E009EBE04 /* OpapPropo */ = {
			isa = PBXGroup;
			children = (
				D692A83C2C39A2F3009EBE04 /* ViewModel */,
				D692A8362C398A4C009EBE04 /* APIManager */,
				D692A8332C39888D009EBE04 /* Model */,
				D692A8302C39883F009EBE04 /* Helper */,
				D692A82F2C3987C6009EBE04 /* Info.plist */,
				D692A8052C39879E009EBE04 /* OpapPropoApp.swift */,
				D692A8072C39879E009EBE04 /* ContentView.swift */,
				D692A8092C3987A0009EBE04 /* Assets.xcassets */,
				D692A80B2C3987A0009EBE04 /* Preview Content */,
				D692A83F2C39AA8C009EBE04 /* LaunchScreen.storyboard */,
			);
			path = OpapPropo;
			sourceTree = "<group>";
		};
		D692A80B2C3987A0009EBE04 /* Preview Content */ = {
			isa = PBXGroup;
			children = (
				D692A80C2C3987A0009EBE04 /* Preview Assets.xcassets */,
			);
			path = "Preview Content";
			sourceTree = "<group>";
		};
		D692A8152C3987A0009EBE04 /* OpapPropoTests */ = {
			isa = PBXGroup;
			children = (
				D692A8162C3987A0009EBE04 /* OpapPropoTests.swift */,
			);
			path = OpapPropoTests;
			sourceTree = "<group>";
		};
		D692A81F2C3987A0009EBE04 /* OpapPropoUITests */ = {
			isa = PBXGroup;
			children = (
				D692A8202C3987A0009EBE04 /* OpapPropoUITests.swift */,
				D692A8222C3987A0009EBE04 /* OpapPropoUITestsLaunchTests.swift */,
			);
			path = OpapPropoUITests;
			sourceTree = "<group>";
		};
		D692A8302C39883F009EBE04 /* Helper */ = {
			isa = PBXGroup;
			children = (
				D692A8312C39886D009EBE04 /* RequestBuilder.swift */,
			);
			path = Helper;
			sourceTree = "<group>";
		};
		D692A8332C39888D009EBE04 /* Model */ = {
			isa = PBXGroup;
			children = (
				D692A8342C39889D009EBE04 /* Model.swift */,
			);
			path = Model;
			sourceTree = "<group>";
		};
		D692A8362C398A4C009EBE04 /* APIManager */ = {
			isa = PBXGroup;
			children = (
				D692A8372C398AB0009EBE04 /* APIManager.swift */,
			);
			path = APIManager;
			sourceTree = "<group>";
		};
		D692A83C2C39A2F3009EBE04 /* ViewModel */ = {
			isa = PBXGroup;
			children = (
				D692A83D2C39A301009EBE04 /* ViewModel.swift */,
			);
			path = ViewModel;
			sourceTree = "<group>";
		};
/* End PBXGroup section */

/* Begin PBXNativeTarget section */
		D692A8012C39879E009EBE04 /* OpapPropo */ = {
			isa = PBXNativeTarget;
			buildConfigurationList = D692A8262C3987A0009EBE04 /* Build configuration list for PBXNativeTarget "OpapPropo" */;
			buildPhases = (
				D692A7FE2C39879E009EBE04 /* Sources */,
				D692A7FF2C39879E009EBE04 /* Frameworks */,
				D692A8002C39879E009EBE04 /* Resources */,
			);
			buildRules = (
			);
			dependencies = (
			);
			name = OpapPropo;
			packageProductDependencies = (
				D692A83A2C398AF1009EBE04 /* Alamofire */,
			);
			productName = OpapPropo;
			productReference = D692A8022C39879E009EBE04 /* OpapPropo.app */;
			productType = "com.apple.product-type.application";
		};
		D692A8112C3987A0009EBE04 /* OpapPropoTests */ = {
			isa = PBXNativeTarget;
			buildConfigurationList = D692A8292C3987A0009EBE04 /* Build configuration list for PBXNativeTarget "OpapPropoTests" */;
			buildPhases = (
				D692A80E2C3987A0009EBE04 /* Sources */,
				D692A80F2C3987A0009EBE04 /* Frameworks */,
				D692A8102C3987A0009EBE04 /* Resources */,
			);
			buildRules = (
			);
			dependencies = (
				D692A8142C3987A0009EBE04 /* PBXTargetDependency */,
			);
			name = OpapPropoTests;
			productName = OpapPropoTests;
			productReference = D692A8122C3987A0009EBE04 /* OpapPropoTests.xctest */;
			productType = "com.apple.product-type.bundle.unit-test";
		};
		D692A81B2C3987A0009EBE04 /* OpapPropoUITests */ = {
			isa = PBXNativeTarget;
			buildConfigurationList = D692A82C2C3987A0009EBE04 /* Build configuration list for PBXNativeTarget "OpapPropoUITests" */;
			buildPhases = (
				D692A8182C3987A0009EBE04 /* Sources */,
				D692A8192C3987A0009EBE04 /* Frameworks */,
				D692A81A2C3987A0009EBE04 /* Resources */,
			);
			buildRules = (
			);
			dependencies = (
				D692A81E2C3987A0009EBE04 /* PBXTargetDependency */,
			);
			name = OpapPropoUITests;
			productName = OpapPropoUITests;
			productReference = D692A81C2C3987A0009EBE04 /* OpapPropoUITests.xctest */;
			productType = "com.apple.product-type.bundle.ui-testing";
		};
/* End PBXNativeTarget section */

/* Begin PBXProject section */
		D692A7FA2C39879E009EBE04 /* Project object */ = {
			isa = PBXProject;
			attributes = {
				BuildIndependentTargetsInParallel = 1;
				LastSwiftUpdateCheck = 1540;
				LastUpgradeCheck = 1540;
				TargetAttributes = {
					D692A8012C39879E009EBE04 = {
						CreatedOnToolsVersion = 15.4;
					};
					D692A8112C3987A0009EBE04 = {
						CreatedOnToolsVersion = 15.4;
						TestTargetID = D692A8012C39879E009EBE04;
					};
					D692A81B2C3987A0009EBE04 = {
						CreatedOnToolsVersion = 15.4;
						TestTargetID = D692A8012C39879E009EBE04;
					};
				};
			};
			buildConfigurationList = D692A7FD2C39879E009EBE04 /* Build configuration list for PBXProject "OpapPropo" */;
			compatibilityVersion = "Xcode 14.0";
			developmentRegion = en;
			hasScannedForEncodings = 0;
			knownRegions = (
				en,
				Base,
			);
			mainGroup = D692A7F92C39879E009EBE04;
			packageReferences = (
				D692A8392C398AF1009EBE04 /* XCRemoteSwiftPackageReference "Alamofire" */,
			);
			productRefGroup = D692A8032C39879E009EBE04 /* Products */;
			projectDirPath = "";
			projectRoot = "";
			targets = (
				D692A8012C39879E009EBE04 /* OpapPropo */,
				D692A8112C3987A0009EBE04 /* OpapPropoTests */,
				D692A81B2C3987A0009EBE04 /* OpapPropoUITests */,
			);
		};
/* End PBXProject section */

/* Begin PBXResourcesBuildPhase section */
		D692A8002C39879E009EBE04 /* Resources */ = {
			isa = PBXResourcesBuildPhase;
			buildActionMask = 2147483647;
			files = (
				D692A8402C39AA8C009EBE04 /* LaunchScreen.storyboard in Resources */,
				D692A80D2C3987A0009EBE04 /* Preview Assets.xcassets in Resources */,
				D692A80A2C3987A0009EBE04 /* Assets.xcassets in Resources */,
			);
			runOnlyForDeploymentPostprocessing = 0;
		};
		D692A8102C3987A0009EBE04 /* Resources */ = {
			isa = PBXResourcesBuildPhase;
			buildActionMask = 2147483647;
			files = (
			);
			runOnlyForDeploymentPostprocessing = 0;
		};
		D692A81A2C3987A0009EBE04 /* Resources */ = {
			isa = PBXResourcesBuildPhase;
			buildActionMask = 2147483647;
			files = (
			);
			runOnlyForDeploymentPostprocessing = 0;
		};
/* End PBXResourcesBuildPhase section */

/* Begin PBXSourcesBuildPhase section */
		D692A7FE2C39879E009EBE04 /* Sources */ = {
			isa = PBXSourcesBuildPhase;
			buildActionMask = 2147483647;
			files = (
				D692A8322C39886D009EBE04 /* RequestBuilder.swift in Sources */,
				D692A8082C39879E009EBE04 /* ContentView.swift in Sources */,
				D692A8382C398AB0009EBE04 /* APIManager.swift in Sources */,
				D692A8062C39879E009EBE04 /* OpapPropoApp.swift in Sources */,
				D692A83E2C39A301009EBE04 /* ViewModel.swift in Sources */,
				D692A8352C39889D009EBE04 /* Model.swift in Sources */,
			);
			runOnlyForDeploymentPostprocessing = 0;
		};
		D692A80E2C3987A0009EBE04 /* Sources */ = {
			isa = PBXSourcesBuildPhase;
			buildActionMask = 2147483647;
			files = (
				D692A8172C3987A0009EBE04 /* OpapPropoTests.swift in Sources */,
			);
			runOnlyForDeploymentPostprocessing = 0;
		};
		D692A8182C3987A0009EBE04 /* Sources */ = {
			isa = PBXSourcesBuildPhase;
			buildActionMask = 2147483647;
			files = (
				D692A8212C3987A0009EBE04 /* OpapPropoUITests.swift in Sources */,
				D692A8232C3987A0009EBE04 /* OpapPropoUITestsLaunchTests.swift in Sources */,
			);
			runOnlyForDeploymentPostprocessing = 0;
		};
/* End PBXSourcesBuildPhase section */

/* Begin PBXTargetDependency section */
		D692A8142C3987A0009EBE04 /* PBXTargetDependency */ = {
			isa = PBXTargetDependency;
			target = D692A8012C39879E009EBE04 /* OpapPropo */;
			targetProxy = D692A8132C3987A0009EBE04 /* PBXContainerItemProxy */;
		};
		D692A81E2C3987A0009EBE04 /* PBXTargetDependency */ = {
			isa = PBXTargetDependency;
			target = D692A8012C39879E009EBE04 /* OpapPropo */;
			targetProxy = D692A81D2C3987A0009EBE04 /* PBXContainerItemProxy */;
		};
/* End PBXTargetDependency section */

/* Begin XCBuildConfiguration section */
		D692A8242C3987A0009EBE04 /* Debug */ = {
			isa = XCBuildConfiguration;
			buildSettings = {
				ALWAYS_SEARCH_USER_PATHS = NO;
				ASSETCATALOG_COMPILER_GENERATE_SWIFT_ASSET_SYMBOL_EXTENSIONS = YES;
				CLANG_ANALYZER_NONNULL = YES;
				CLANG_ANALYZER_NUMBER_OBJECT_CONVERSION = YES_AGGRESSIVE;
				CLANG_CXX_LANGUAGE_STANDARD = "gnu++20";
				CLANG_ENABLE_MODULES = YES;
				CLANG_ENABLE_OBJC_ARC = YES;
				CLANG_ENABLE_OBJC_WEAK = YES;
				CLANG_WARN_BLOCK_CAPTURE_AUTORELEASING = YES;
				CLANG_WARN_BOOL_CONVERSION = YES;
				CLANG_WARN_COMMA = YES;
				CLANG_WARN_CONSTANT_CONVERSION = YES;
				CLANG_WARN_DEPRECATED_OBJC_IMPLEMENTATIONS = YES;
				CLANG_WARN_DIRECT_OBJC_ISA_USAGE = YES_ERROR;
				CLANG_WARN_DOCUMENTATION_COMMENTS = YES;
				CLANG_WARN_EMPTY_BODY = YES;
				CLANG_WARN_ENUM_CONVERSION = YES;
				CLANG_WARN_INFINITE_RECURSION = YES;
				CLANG_WARN_INT_CONVERSION = YES;
				CLANG_WARN_NON_LITERAL_NULL_CONVERSION = YES;
				CLANG_WARN_OBJC_IMPLICIT_RETAIN_SELF = YES;
				CLANG_WARN_OBJC_LITERAL_CONVERSION = YES;
				CLANG_WARN_OBJC_ROOT_CLASS = YES_ERROR;
				CLANG_WARN_QUOTED_INCLUDE_IN_FRAMEWORK_HEADER = YES;
				CLANG_WARN_RANGE_LOOP_ANALYSIS = YES;
				CLANG_WARN_STRICT_PROTOTYPES = YES;
				CLANG_WARN_SUSPICIOUS_MOVE = YES;
				CLANG_WARN_UNGUARDED_AVAILABILITY = YES_AGGRESSIVE;
				CLANG_WARN_UNREACHABLE_CODE = YES;
				CLANG_WARN__DUPLICATE_METHOD_MATCH = YES;
				COPY_PHASE_STRIP = NO;
				DEBUG_INFORMATION_FORMAT = dwarf;
				ENABLE_STRICT_OBJC_MSGSEND = YES;
				ENABLE_TESTABILITY = YES;
				ENABLE_USER_SCRIPT_SANDBOXING = YES;
				GCC_C_LANGUAGE_STANDARD = gnu17;
				GCC_DYNAMIC_NO_PIC = NO;
				GCC_NO_COMMON_BLOCKS = YES;
				GCC_OPTIMIZATION_LEVEL = 0;
				GCC_PREPROCESSOR_DEFINITIONS = (
					"DEBUG=1",
					"$(inherited)",
				);
				GCC_WARN_64_TO_32_BIT_CONVERSION = YES;
				GCC_WARN_ABOUT_RETURN_TYPE = YES_ERROR;
				GCC_WARN_UNDECLARED_SELECTOR = YES;
				GCC_WARN_UNINITIALIZED_AUTOS = YES_AGGRESSIVE;
				GCC_WARN_UNUSED_FUNCTION = YES;
				GCC_WARN_UNUSED_VARIABLE = YES;
				IPHONEOS_DEPLOYMENT_TARGET = 17.5;
				LOCALIZATION_PREFERS_STRING_CATALOGS = YES;
				MTL_ENABLE_DEBUG_INFO = INCLUDE_SOURCE;
				MTL_FAST_MATH = YES;
				ONLY_ACTIVE_ARCH = YES;
				SDKROOT = iphoneos;
				SWIFT_ACTIVE_COMPILATION_CONDITIONS = "DEBUG $(inherited)";
				SWIFT_OPTIMIZATION_LEVEL = "-Onone";
			};
			name = Debug;
		};
		D692A8252C3987A0009EBE04 /* Release */ = {
			isa = XCBuildConfiguration;
			buildSettings = {
				ALWAYS_SEARCH_USER_PATHS = NO;
				ASSETCATALOG_COMPILER_GENERATE_SWIFT_ASSET_SYMBOL_EXTENSIONS = YES;
				CLANG_ANALYZER_NONNULL = YES;
				CLANG_ANALYZER_NUMBER_OBJECT_CONVERSION = YES_AGGRESSIVE;
				CLANG_CXX_LANGUAGE_STANDARD = "gnu++20";
				CLANG_ENABLE_MODULES = YES;
				CLANG_ENABLE_OBJC_ARC = YES;
				CLANG_ENABLE_OBJC_WEAK = YES;
				CLANG_WARN_BLOCK_CAPTURE_AUTORELEASING = YES;
				CLANG_WARN_BOOL_CONVERSION = YES;
				CLANG_WARN_COMMA = YES;
				CLANG_WARN_CONSTANT_CONVERSION = YES;
				CLANG_WARN_DEPRECATED_OBJC_IMPLEMENTATIONS = YES;
				CLANG_WARN_DIRECT_OBJC_ISA_USAGE = YES_ERROR;
				CLANG_WARN_DOCUMENTATION_COMMENTS = YES;
				CLANG_WARN_EMPTY_BODY = YES;
				CLANG_WARN_ENUM_CONVERSION = YES;
				CLANG_WARN_INFINITE_RECURSION = YES;
				CLANG_WARN_INT_CONVERSION = YES;
				CLANG_WARN_NON_LITERAL_NULL_CONVERSION = YES;
				CLANG_WARN_OBJC_IMPLICIT_RETAIN_SELF = YES;
				CLANG_WARN_OBJC_LITERAL_CONVERSION = YES;
				CLANG_WARN_OBJC_ROOT_CLASS = YES_ERROR;
				CLANG_WARN_QUOTED_INCLUDE_IN_FRAMEWORK_HEADER = YES;
				CLANG_WARN_RANGE_LOOP_ANALYSIS = YES;
				CLANG_WARN_STRICT_PROTOTYPES = YES;
				CLANG_WARN_SUSPICIOUS_MOVE = YES;
				CLANG_WARN_UNGUARDED_AVAILABILITY = YES_AGGRESSIVE;
				CLANG_WARN_UNREACHABLE_CODE = YES;
				CLANG_WARN__DUPLICATE_METHOD_MATCH = YES;
				COPY_PHASE_STRIP = NO;
				DEBUG_INFORMATION_FORMAT = "dwarf-with-dsym";
				ENABLE_NS_ASSERTIONS = NO;
				ENABLE_STRICT_OBJC_MSGSEND = YES;
				ENABLE_USER_SCRIPT_SANDBOXING = YES;
				GCC_C_LANGUAGE_STANDARD = gnu17;
				GCC_NO_COMMON_BLOCKS = YES;
				GCC_WARN_64_TO_32_BIT_CONVERSION = YES;
				GCC_WARN_ABOUT_RETURN_TYPE = YES_ERROR;
				GCC_WARN_UNDECLARED_SELECTOR = YES;
				GCC_WARN_UNINITIALIZED_AUTOS = YES_AGGRESSIVE;
				GCC_WARN_UNUSED_FUNCTION = YES;
				GCC_WARN_UNUSED_VARIABLE = YES;
				IPHONEOS_DEPLOYMENT_TARGET = 17.5;
				LOCALIZATION_PREFERS_STRING_CATALOGS = YES;
				MTL_ENABLE_DEBUG_INFO = NO;
				MTL_FAST_MATH = YES;
				SDKROOT = iphoneos;
				SWIFT_COMPILATION_MODE = wholemodule;
				VALIDATE_PRODUCT = YES;
			};
			name = Release;
		};
		D692A8272C3987A0009EBE04 /* Debug */ = {
			isa = XCBuildConfiguration;
			buildSettings = {
				ASSETCATALOG_COMPILER_APPICON_NAME = AppIcon;
				ASSETCATALOG_COMPILER_GLOBAL_ACCENT_COLOR_NAME = AccentColor;
				CODE_SIGN_STYLE = Automatic;
				CURRENT_PROJECT_VERSION = 1;
				DEVELOPMENT_ASSET_PATHS = "\"OpapPropo/Preview Content\"";
				DEVELOPMENT_TEAM = K6LJCT8RAA;
				ENABLE_PREVIEWS = YES;
				GENERATE_INFOPLIST_FILE = YES;
				INFOPLIST_FILE = OpapPropo/Info.plist;
				INFOPLIST_KEY_UIApplicationSceneManifest_Generation = YES;
				INFOPLIST_KEY_UIApplicationSupportsIndirectInputEvents = YES;
				INFOPLIST_KEY_UILaunchScreen_Generation = YES;
				INFOPLIST_KEY_UILaunchStoryboardName = LaunchScreen.storyboard;
				INFOPLIST_KEY_UISupportedInterfaceOrientations_iPad = "UIInterfaceOrientationPortrait UIInterfaceOrientationPortraitUpsideDown UIInterfaceOrientationLandscapeLeft UIInterfaceOrientationLandscapeRight";
				INFOPLIST_KEY_UISupportedInterfaceOrientations_iPhone = "UIInterfaceOrientationPortrait UIInterfaceOrientationLandscapeLeft UIInterfaceOrientationLandscapeRight";
				LD_RUNPATH_SEARCH_PATHS = (
					"$(inherited)",
					"@executable_path/Frameworks",
				);
				MARKETING_VERSION = 1.0;
				PRODUCT_BUNDLE_IDENTIFIER = com.template.OpapPropo;
				PRODUCT_NAME = "$(TARGET_NAME)";
				SWIFT_EMIT_LOC_STRINGS = YES;
				SWIFT_VERSION = 5.0;
				TARGETED_DEVICE_FAMILY = "1,2";
			};
			name = Debug;
		};
		D692A8282C3987A0009EBE04 /* Release */ = {
			isa = XCBuildConfiguration;
			buildSettings = {
				ASSETCATALOG_COMPILER_APPICON_NAME = AppIcon;
				ASSETCATALOG_COMPILER_GLOBAL_ACCENT_COLOR_NAME = AccentColor;
				CODE_SIGN_STYLE = Automatic;
				CURRENT_PROJECT_VERSION = 1;
				DEVELOPMENT_ASSET_PATHS = "\"OpapPropo/Preview Content\"";
				DEVELOPMENT_TEAM = K6LJCT8RAA;
				ENABLE_PREVIEWS = YES;
				GENERATE_INFOPLIST_FILE = YES;
				INFOPLIST_FILE = OpapPropo/Info.plist;
				INFOPLIST_KEY_UIApplicationSceneManifest_Generation = YES;
				INFOPLIST_KEY_UIApplicationSupportsIndirectInputEvents = YES;
				INFOPLIST_KEY_UILaunchScreen_Generation = YES;
				INFOPLIST_KEY_UILaunchStoryboardName = LaunchScreen.storyboard;
				INFOPLIST_KEY_UISupportedInterfaceOrientations_iPad = "UIInterfaceOrientationPortrait UIInterfaceOrientationPortraitUpsideDown UIInterfaceOrientationLandscapeLeft UIInterfaceOrientationLandscapeRight";
				INFOPLIST_KEY_UISupportedInterfaceOrientations_iPhone = "UIInterfaceOrientationPortrait UIInterfaceOrientationLandscapeLeft UIInterfaceOrientationLandscapeRight";
				LD_RUNPATH_SEARCH_PATHS = (
					"$(inherited)",
					"@executable_path/Frameworks",
				);
				MARKETING_VERSION = 1.0;
				PRODUCT_BUNDLE_IDENTIFIER = com.template.OpapPropo;
				PRODUCT_NAME = "$(TARGET_NAME)";
				SWIFT_EMIT_LOC_STRINGS = YES;
				SWIFT_VERSION = 5.0;
				TARGETED_DEVICE_FAMILY = "1,2";
			};
			name = Release;
		};
		D692A82A2C3987A0009EBE04 /* Debug */ = {
			isa = XCBuildConfiguration;
			buildSettings = {
				ALWAYS_EMBED_SWIFT_STANDARD_LIBRARIES = YES;
				BUNDLE_LOADER = "$(TEST_HOST)";
				CODE_SIGN_STYLE = Automatic;
				CURRENT_PROJECT_VERSION = 1;
				DEVELOPMENT_TEAM = K6LJCT8RAA;
				GENERATE_INFOPLIST_FILE = YES;
				IPHONEOS_DEPLOYMENT_TARGET = 17.5;
				MARKETING_VERSION = 1.0;
				PRODUCT_BUNDLE_IDENTIFIER = com.template.OpapPropoTests;
				PRODUCT_NAME = "$(TARGET_NAME)";
				SWIFT_EMIT_LOC_STRINGS = NO;
				SWIFT_VERSION = 5.0;
				TARGETED_DEVICE_FAMILY = "1,2";
				TEST_HOST = "$(BUILT_PRODUCTS_DIR)/OpapPropo.app/$(BUNDLE_EXECUTABLE_FOLDER_PATH)/OpapPropo";
			};
			name = Debug;
		};
		D692A82B2C3987A0009EBE04 /* Release */ = {
			isa = XCBuildConfiguration;
			buildSettings = {
				ALWAYS_EMBED_SWIFT_STANDARD_LIBRARIES = YES;
				BUNDLE_LOADER = "$(TEST_HOST)";
				CODE_SIGN_STYLE = Automatic;
				CURRENT_PROJECT_VERSION = 1;
				DEVELOPMENT_TEAM = K6LJCT8RAA;
				GENERATE_INFOPLIST_FILE = YES;
				IPHONEOS_DEPLOYMENT_TARGET = 17.5;
				MARKETING_VERSION = 1.0;
				PRODUCT_BUNDLE_IDENTIFIER = com.template.OpapPropoTests;
				PRODUCT_NAME = "$(TARGET_NAME)";
				SWIFT_EMIT_LOC_STRINGS = NO;
				SWIFT_VERSION = 5.0;
				TARGETED_DEVICE_FAMILY = "1,2";
				TEST_HOST = "$(BUILT_PRODUCTS_DIR)/OpapPropo.app/$(BUNDLE_EXECUTABLE_FOLDER_PATH)/OpapPropo";
			};
			name = Release;
		};
		D692A82D2C3987A0009EBE04 /* Debug */ = {
			isa = XCBuildConfiguration;
			buildSettings = {
				ALWAYS_EMBED_SWIFT_STANDARD_LIBRARIES = YES;
				CODE_SIGN_STYLE = Automatic;
				CURRENT_PROJECT_VERSION = 1;
				DEVELOPMENT_TEAM = K6LJCT8RAA;
				GENERATE_INFOPLIST_FILE = YES;
				MARKETING_VERSION = 1.0;
				PRODUCT_BUNDLE_IDENTIFIER = com.template.OpapPropoUITests;
				PRODUCT_NAME = "$(TARGET_NAME)";
				SWIFT_EMIT_LOC_STRINGS = NO;
				SWIFT_VERSION = 5.0;
				TARGETED_DEVICE_FAMILY = "1,2";
				TEST_TARGET_NAME = OpapPropo;
			};
			name = Debug;
		};
		D692A82E2C3987A0009EBE04 /* Release */ = {
			isa = XCBuildConfiguration;
			buildSettings = {
				ALWAYS_EMBED_SWIFT_STANDARD_LIBRARIES = YES;
				CODE_SIGN_STYLE = Automatic;
				CURRENT_PROJECT_VERSION = 1;
				DEVELOPMENT_TEAM = K6LJCT8RAA;
				GENERATE_INFOPLIST_FILE = YES;
				MARKETING_VERSION = 1.0;
				PRODUCT_BUNDLE_IDENTIFIER = com.template.OpapPropoUITests;
				PRODUCT_NAME = "$(TARGET_NAME)";
				SWIFT_EMIT_LOC_STRINGS = NO;
				SWIFT_VERSION = 5.0;
				TARGETED_DEVICE_FAMILY = "1,2";
				TEST_TARGET_NAME = OpapPropo;
			};
			name = Release;
		};
/* End XCBuildConfiguration section */

/* Begin XCConfigurationList section */
		D692A7FD2C39879E009EBE04 /* Build configuration list for PBXProject "OpapPropo" */ = {
			isa = XCConfigurationList;
			buildConfigurations = (
				D692A8242C3987A0009EBE04 /* Debug */,
				D692A8252C3987A0009EBE04 /* Release */,
			);
			defaultConfigurationIsVisible = 0;
			defaultConfigurationName = Release;
		};
		D692A8262C3987A0009EBE04 /* Build configuration list for PBXNativeTarget "OpapPropo" */ = {
			isa = XCConfigurationList;
			buildConfigurations = (
				D692A8272C3987A0009EBE04 /* Debug */,
				D692A8282C3987A0009EBE04 /* Release */,
			);
			defaultConfigurationIsVisible = 0;
			defaultConfigurationName = Release;
		};
		D692A8292C3987A0009EBE04 /* Build configuration list for PBXNativeTarget "OpapPropoTests" */ = {
			isa = XCConfigurationList;
			buildConfigurations = (
				D692A82A2C3987A0009EBE04 /* Debug */,
				D692A82B2C3987A0009EBE04 /* Release */,
			);
			defaultConfigurationIsVisible = 0;
			defaultConfigurationName = Release;
		};
		D692A82C2C3987A0009EBE04 /* Build configuration list for PBXNativeTarget "OpapPropoUITests" */ = {
			isa = XCConfigurationList;
			buildConfigurations = (
				D692A82D2C3987A0009EBE04 /* Debug */,
				D692A82E2C3987A0009EBE04 /* Release */,
			);
			defaultConfigurationIsVisible = 0;
			defaultConfigurationName = Release;
		};
/* End XCConfigurationList section */

/* Begin XCRemoteSwiftPackageReference section */
		D692A8392C398AF1009EBE04 /* XCRemoteSwiftPackageReference "Alamofire" */ = {
			isa = XCRemoteSwiftPackageReference;
			repositoryURL = "https://github.com/Alamofire/Alamofire.git";
			requirement = {
				kind = upToNextMajorVersion;
				minimumVersion = 5.9.1;
			};
		};
/* End XCRemoteSwiftPackageReference section */

/* Begin XCSwiftPackageProductDependency section */
		D692A83A2C398AF1009EBE04 /* Alamofire */ = {
			isa = XCSwiftPackageProductDependency;
			package = D692A8392C398AF1009EBE04 /* XCRemoteSwiftPackageReference "Alamofire" */;
			productName = Alamofire;
		};
/* End XCSwiftPackageProductDependency section */
	};
	rootObject = D692A7FA2C39879E009EBE04 /* Project object */;
}
